{
  "name": "miniprogram",
  "version": "1.0.0",
  "lockfileVersion": 1,
  "requires": true,
  "dependencies": {
    "docxtemplater": {
      "version": "3.17.9",
      "resolved": "https://registry.npm.taobao.org/docxtemplater/download/docxtemplater-3.17.9.tgz",
      "integrity": "sha1-I9Bkw+MiNeqy4a77zgFF4SbXUAQ=",
      "requires": {
        "xmldom": "^0.3.0"
      }
    },
    "miniprogram-recycle-view": {
      "version": "0.1.5",
      "resolved": "https://registry.npm.taobao.org/miniprogram-recycle-view/download/miniprogram-recycle-view-0.1.5.tgz",
      "integrity": "sha1-hUwv4N9jwhZfc5yOBEaqNapsfXg="
    },
    "xmldom": {
      "version": "0.3.0",
      "resolved": "https://registry.npm.taobao.org/xmldom/download/xmldom-0.3.0.tgz",
      "integrity": "sha1-5iVFf0MAtd+cLh7Ld2FH7OR/Plo="
    }
  }
}
